
Microsoft Visual Studio Solution File, Format Version 12.00
# Visual Studio Version 17
VisualStudioVersion = 17.5.33627.172
MinimumVisualStudioVersion = 10.0.40219.1
Project("{FAE04EC0-301F-11D3-BF4B-00C04F79EFBC}") = "baihocIF", "baihocIF\baihocIF.csproj", "{A42EDBB3-B5A4-43A5-99C0-567D512BD838}"
EndProject
Global
	GlobalSection(SolutionConfigurationPlatforms) = preSolution
		Debug|Any CPU = Debug|Any CPU
		Release|Any CPU = Release|Any CPU
	EndGlobalSection
	GlobalSection(ProjectConfigurationPlatforms) = postSolution
		{A42EDBB3-B5A4-43A5-99C0-567D512BD838}.Debug|Any CPU.ActiveCfg = Debug|Any CPU
		{A42EDBB3-B5A4-43A5-99C0-567D512BD838}.Debug|Any CPU.Build.0 = Debug|Any CPU
		{A42EDBB3-B5A4-43A5-99C0-567D512BD838}.Release|Any CPU.ActiveCfg = Release|Any CPU
		{A42EDBB3-B5A4-43A5-99C0-567D512BD838}.Release|Any CPU.Build.0 = Release|Any CPU
	EndGlobalSection
	GlobalSection(SolutionProperties) = preSolution
		HideSolutionNode = FALSE
	EndGlobalSection
	GlobalSection(ExtensibilityGlobals) = postSolution
		SolutionGuid = {2ABF2771-332D-480C-A152-9B35B3CC6D91}
	EndGlobalSection
EndGlobal
